{
  "name": "notis",
  "version": "0.0.5",
  "lockfileVersion": 1,
  "requires": true,
  "dependencies": {
    "funx-js": {
      "version": "0.0.15",
      "resolved": "https://registry.npmjs.org/funx-js/-/funx-js-0.0.15.tgz",
      "integrity": "sha512-H/aGGlWHnl1EnImwi4dR4C52KwYivwyNpD1Fa7J9tHUSKfiWRgilepzanpMFsIy8v/J61AiS6ai3jD0nCDrAsQ=="
    }
  }
}
